PODS:
  - FireCache (0.1.0)
  - Nimble (8.0.5)
  - Quick (2.2.0)

DEPENDENCIES:
  - FireCache (from `../`)
  - Nimble
  - Quick

SPEC REPOS:
  trunk:
    - Nimble
    - Quick

EXTERNAL SOURCES:
  FireCache:
    :path: "../"

SPEC CHECKSUMS:
  FireCache: 66931b8ae5b954e4a24916a4a148ca0474193962
  Nimble: 4ab1aeb9b45553c75b9687196b0fa0713170a332
  Quick: 7fb19e13be07b5dfb3b90d4f9824c855a11af40e

PODFILE CHECKSUM: 121fa02c03abfbf766c2214d3cc4de1bb6ae9027

COCOAPODS: 1.8.3
