PODS:
  - FireCache (0.1.0)
  - Nimble (7.3.1)
  - Quick (1.3.2)

DEPENDENCIES:
  - FireCache (from `../`)
  - Nimble
  - Quick

SPEC REPOS:
  https://github.com/cocoapods/specs.git:
    - Nimble
    - Quick

EXTERNAL SOURCES:
  FireCache:
    :path: "../"

SPEC CHECKSUMS:
  FireCache: e4002045c7207a0f0bc32f21d9021e354d5d71ca
  Nimble: 04f732da099ea4d153122aec8c2a88fd0c7219ae
  Quick: 2623cb30d7a7f41ca62f684f679586558f483d46

PODFILE CHECKSUM: e59bcaf57ca462c5d382a026aca35a95251f9730

COCOAPODS: 1.5.3
