// !$*UTF8*$!
{
	archiveVersion = 1;
	classes = {
	};
	objectVersion = 46;
	objects = {

/* Begin PBXBuildFile section */
		07A280F921A3C4D000D5280D /* UIColor+Extension.swift in Sources */ = {isa = PBXBuildFile; fileRef = 07A280F821A3C4D000D5280D /* UIColor+Extension.swift */; };
		07BA3A13219F3E8400BCE1DE /* LaunchScreen.storyboard in Resources */ = {isa = PBXBuildFile; fileRef = 07BA3A12219F3E8400BCE1DE /* LaunchScreen.storyboard */; };
		07BA3A2621A29A4600BCE1DE /* Post.swift in Sources */ = {isa = PBXBuildFile; fileRef = 07BA3A2521A29A4600BCE1DE /* Post.swift */; };
		07BA3A2821A29BEA00BCE1DE /* User.swift in Sources */ = {isa = PBXBuildFile; fileRef = 07BA3A2721A29BEA00BCE1DE /* User.swift */; };
		07BA3A4021A2BF4800BCE1DE /* Configuration.swift in Sources */ = {isa = PBXBuildFile; fileRef = 07BA3A3F21A2BF4800BCE1DE /* Configuration.swift */; };
		07BA3A4221A2BFCC00BCE1DE /* Endpoint.swift in Sources */ = {isa = PBXBuildFile; fileRef = 07BA3A4121A2BFCC00BCE1DE /* Endpoint.swift */; };
		07BA3A4521A2C01600BCE1DE /* NetworkManager.swift in Sources */ = {isa = PBXBuildFile; fileRef = 07BA3A4421A2C01600BCE1DE /* NetworkManager.swift */; };
		07BA3A4721A2C03000BCE1DE /* URLManager.swift in Sources */ = {isa = PBXBuildFile; fileRef = 07BA3A4621A2C03000BCE1DE /* URLManager.swift */; };
		07BA3A4921A2C37700BCE1DE /* PagingViewModel.swift in Sources */ = {isa = PBXBuildFile; fileRef = 07BA3A4821A2C37700BCE1DE /* PagingViewModel.swift */; };
		07BA3A4C21A2C8DD00BCE1DE /* ActivityIndicator.swift in Sources */ = {isa = PBXBuildFile; fileRef = 07BA3A4B21A2C8DD00BCE1DE /* ActivityIndicator.swift */; };
		07BA3A4E21A2C9C800BCE1DE /* UIView+Constraint+Extension.swift in Sources */ = {isa = PBXBuildFile; fileRef = 07BA3A4D21A2C9C800BCE1DE /* UIView+Constraint+Extension.swift */; };
		07BA3A5221A2CB6500BCE1DE /* PasteBinListVC+Delegates.swift in Sources */ = {isa = PBXBuildFile; fileRef = 07BA3A5121A2CB6500BCE1DE /* PasteBinListVC+Delegates.swift */; };
		07BA3A5521A2CDC000BCE1DE /* LoadingView.xib in Resources */ = {isa = PBXBuildFile; fileRef = 07BA3A5321A2CDC000BCE1DE /* LoadingView.xib */; };
		07BA3A5621A2CDC000BCE1DE /* LoadingView.swift in Sources */ = {isa = PBXBuildFile; fileRef = 07BA3A5421A2CDC000BCE1DE /* LoadingView.swift */; };
		07BA3A5A21A2CDE600BCE1DE /* PostCell.swift in Sources */ = {isa = PBXBuildFile; fileRef = 07BA3A5921A2CDE600BCE1DE /* PostCell.swift */; };
		07BA3A5C21A2CE1100BCE1DE /* UIView+Extension.swift in Sources */ = {isa = PBXBuildFile; fileRef = 07BA3A5B21A2CE1100BCE1DE /* UIView+Extension.swift */; };
		07CE146421A56D1F005FCC76 /* SourceCancellationVC.swift in Sources */ = {isa = PBXBuildFile; fileRef = 07CE146321A56D1F005FCC76 /* SourceCancellationVC.swift */; };
		07CE146721A57DF8005FCC76 /* CacheExpiryVC.swift in Sources */ = {isa = PBXBuildFile; fileRef = 07CE146621A57DF8005FCC76 /* CacheExpiryVC.swift */; };
		07CE146921A58089005FCC76 /* JSONCachingVC.swift in Sources */ = {isa = PBXBuildFile; fileRef = 07CE146821A58089005FCC76 /* JSONCachingVC.swift */; };
		07CE147321A5C9E1005FCC76 /* Post.json in Resources */ = {isa = PBXBuildFile; fileRef = 07CE147221A5C9E1005FCC76 /* Post.json */; };
		07CE147521A5CA5C005FCC76 /* User.json in Resources */ = {isa = PBXBuildFile; fileRef = 07CE147421A5CA5C005FCC76 /* User.json */; };
		07CE147921A5D124005FCC76 /* PostTests.swift in Sources */ = {isa = PBXBuildFile; fileRef = 07CE147021A5C9B3005FCC76 /* PostTests.swift */; };
		07CE147A21A5D33B005FCC76 /* UserTests.swift in Sources */ = {isa = PBXBuildFile; fileRef = 07CE147621A5CABE005FCC76 /* UserTests.swift */; };
		07CE148221A5D379005FCC76 /* NetworkManagerTests.swift in Sources */ = {isa = PBXBuildFile; fileRef = 07CE147C21A5D378005FCC76 /* NetworkManagerTests.swift */; };
		07CE148321A5D379005FCC76 /* Success.json in Resources */ = {isa = PBXBuildFile; fileRef = 07CE147E21A5D378005FCC76 /* Success.json */; };
		07CE148421A5D379005FCC76 /* URLSessionMock.swift in Sources */ = {isa = PBXBuildFile; fileRef = 07CE147F21A5D378005FCC76 /* URLSessionMock.swift */; };
		07CE148521A5D379005FCC76 /* URLSessionDataTaskMock.swift in Sources */ = {isa = PBXBuildFile; fileRef = 07CE148021A5D378005FCC76 /* URLSessionDataTaskMock.swift */; };
		07CE148621A5D379005FCC76 /* URLManagerTests.swift in Sources */ = {isa = PBXBuildFile; fileRef = 07CE148121A5D378005FCC76 /* URLManagerTests.swift */; };
		07CE148921A5D648005FCC76 /* PagingViewModelTests.swift in Sources */ = {isa = PBXBuildFile; fileRef = 07CE148821A5D648005FCC76 /* PagingViewModelTests.swift */; };
		07CE14D821A6FE05005FCC76 /* PasteBinListVCSpec.swift in Sources */ = {isa = PBXBuildFile; fileRef = 07CE14D721A6FE05005FCC76 /* PasteBinListVCSpec.swift */; };
		07CE14DB21A70F34005FCC76 /* FireCacheTests.swift in Sources */ = {isa = PBXBuildFile; fileRef = 07CE14DA21A70F34005FCC76 /* FireCacheTests.swift */; };
		07CE14DD21A7121A005FCC76 /* test-sample-1.png in Resources */ = {isa = PBXBuildFile; fileRef = 07CE14DC21A7121A005FCC76 /* test-sample-1.png */; };
		07CE14E021A7124C005FCC76 /* TestHelper.swift in Sources */ = {isa = PBXBuildFile; fileRef = 07CE14DF21A7124C005FCC76 /* TestHelper.swift */; };
		07CE14E221A71BEC005FCC76 /* FireDownloaderTests.swift in Sources */ = {isa = PBXBuildFile; fileRef = 07CE14E121A71BEC005FCC76 /* FireDownloaderTests.swift */; };
		07CE14E421A723D3005FCC76 /* test-sample-2.png in Resources */ = {isa = PBXBuildFile; fileRef = 07CE14E321A723D3005FCC76 /* test-sample-2.png */; };
		07CE14E821A7250B005FCC76 /* test-sample-3.png in Resources */ = {isa = PBXBuildFile; fileRef = 07CE14E721A7250B005FCC76 /* test-sample-3.png */; };
		07CE14EC21A72B09005FCC76 /* FireManagerTests.swift in Sources */ = {isa = PBXBuildFile; fileRef = 07CE14EB21A72B09005FCC76 /* FireManagerTests.swift */; };
		07D1222B21A805E100258781 /* FireCacheTests+UIImage.swift in Sources */ = {isa = PBXBuildFile; fileRef = 07D1222921A805C700258781 /* FireCacheTests+UIImage.swift */; };
		07D1223021A8060900258781 /* FireCacheTests+String.swift in Sources */ = {isa = PBXBuildFile; fileRef = 07D1222E21A805FA00258781 /* FireCacheTests+String.swift */; };
		07D1223121A8061C00258781 /* FireCacheTests+JSON.swift in Sources */ = {isa = PBXBuildFile; fileRef = 07D1222C21A805F100258781 /* FireCacheTests+JSON.swift */; };
		07D1223321A8065D00258781 /* FireDownloaderTests+UIImage.swift in Sources */ = {isa = PBXBuildFile; fileRef = 07D1223221A8065D00258781 /* FireDownloaderTests+UIImage.swift */; };
		07D1223521A8066900258781 /* FireDownloaderTests+String.swift in Sources */ = {isa = PBXBuildFile; fileRef = 07D1223421A8066900258781 /* FireDownloaderTests+String.swift */; };
		07D1223721A8067100258781 /* FireDownloaderTests+JSON.swift in Sources */ = {isa = PBXBuildFile; fileRef = 07D1223621A8067100258781 /* FireDownloaderTests+JSON.swift */; };
		07D1223921A808C100258781 /* FireManagerTests+UIImage.swift in Sources */ = {isa = PBXBuildFile; fileRef = 07D1223821A808C100258781 /* FireManagerTests+UIImage.swift */; };
		07D1223B21A808CA00258781 /* FireManagerTests+String.swift in Sources */ = {isa = PBXBuildFile; fileRef = 07D1223A21A808CA00258781 /* FireManagerTests+String.swift */; };
		07D1223D21A808D300258781 /* FireManagerTests+JSON.swift in Sources */ = {isa = PBXBuildFile; fileRef = 07D1223C21A808D300258781 /* FireManagerTests+JSON.swift */; };
		607FACD61AFB9204008FA782 /* AppDelegate.swift in Sources */ = {isa = PBXBuildFile; fileRef = 607FACD51AFB9204008FA782 /* AppDelegate.swift */; };
		607FACD81AFB9204008FA782 /* PasteBinListVC.swift in Sources */ = {isa = PBXBuildFile; fileRef = 607FACD71AFB9204008FA782 /* PasteBinListVC.swift */; };
		607FACDB1AFB9204008FA782 /* Main.storyboard in Resources */ = {isa = PBXBuildFile; fileRef = 607FACD91AFB9204008FA782 /* Main.storyboard */; };
		607FACDD1AFB9204008FA782 /* Images.xcassets in Resources */ = {isa = PBXBuildFile; fileRef = 607FACDC1AFB9204008FA782 /* Images.xcassets */; };
		784A1AB1EF235320BF09C57E /* Pods_FireCache_Tests.framework in Frameworks */ = {isa = PBXBuildFile; fileRef = 14F6A7B9A3D59134797D86CD /* Pods_FireCache_Tests.framework */; };
		FBD87014ED265222A0677BE2 /* Pods_FireCache_Example.framework in Frameworks */ = {isa = PBXBuildFile; fileRef = 18AAC7B27B519ED40B7ECC3B /* Pods_FireCache_Example.framework */; };
/* End PBXBuildFile section */

/* Begin PBXContainerItemProxy section */
		607FACE61AFB9204008FA782 /* PBXContainerItemProxy */ = {
			isa = PBXContainerItemProxy;
			containerPortal = 607FACC81AFB9204008FA782 /* Project object */;
			proxyType = 1;
			remoteGlobalIDString = 607FACCF1AFB9204008FA782;
			remoteInfo = FireCache;
		};
/* End PBXContainerItemProxy section */

/* Begin PBXFileReference section */
		01153414F993A818E3269FFC /* Pods-FireCache_Tests.debug.xcconfig */ = {isa = PBXFileReference; includeInIndex = 1; lastKnownFileType = text.xcconfig; name = "Pods-FireCache_Tests.debug.xcconfig"; path = "Pods/Target Support Files/Pods-FireCache_Tests/Pods-FireCache_Tests.debug.xcconfig"; sourceTree = "<group>"; };
		07A280F821A3C4D000D5280D /* UIColor+Extension.swift */ = {isa = PBXFileReference; lastKnownFileType = sourcecode.swift; path = "UIColor+Extension.swift"; sourceTree = "<group>"; };
		07BA3A12219F3E8400BCE1DE /* LaunchScreen.storyboard */ = {isa = PBXFileReference; lastKnownFileType = file.storyboard; path = LaunchScreen.storyboard; sourceTree = "<group>"; };
		07BA3A14219F3F7600BCE1DE /* Challenge.pdf */ = {isa = PBXFileReference; lastKnownFileType = image.pdf; path = Challenge.pdf; sourceTree = "<group>"; };
		07BA3A2521A29A4600BCE1DE /* Post.swift */ = {isa = PBXFileReference; lastKnownFileType = sourcecode.swift; path = Post.swift; sourceTree = "<group>"; };
		07BA3A2721A29BEA00BCE1DE /* User.swift */ = {isa = PBXFileReference; lastKnownFileType = sourcecode.swift; path = User.swift; sourceTree = "<group>"; };
		07BA3A3F21A2BF4800BCE1DE /* Configuration.swift */ = {isa = PBXFileReference; lastKnownFileType = sourcecode.swift; path = Configuration.swift; sourceTree = "<group>"; };
		07BA3A4121A2BFCC00BCE1DE /* Endpoint.swift */ = {isa = PBXFileReference; lastKnownFileType = sourcecode.swift; path = Endpoint.swift; sourceTree = "<group>"; };
		07BA3A4421A2C01600BCE1DE /* NetworkManager.swift */ = {isa = PBXFileReference; lastKnownFileType = sourcecode.swift; path = NetworkManager.swift; sourceTree = "<group>"; };
		07BA3A4621A2C03000BCE1DE /* URLManager.swift */ = {isa = PBXFileReference; lastKnownFileType = sourcecode.swift; path = URLManager.swift; sourceTree = "<group>"; };
		07BA3A4821A2C37700BCE1DE /* PagingViewModel.swift */ = {isa = PBXFileReference; lastKnownFileType = sourcecode.swift; path = PagingViewModel.swift; sourceTree = "<group>"; };
		07BA3A4B21A2C8DD00BCE1DE /* ActivityIndicator.swift */ = {isa = PBXFileReference; lastKnownFileType = sourcecode.swift; path = ActivityIndicator.swift; sourceTree = "<group>"; };
		07BA3A4D21A2C9C800BCE1DE /* UIView+Constraint+Extension.swift */ = {isa = PBXFileReference; lastKnownFileType = sourcecode.swift; path = "UIView+Constraint+Extension.swift"; sourceTree = "<group>"; };
		07BA3A5121A2CB6500BCE1DE /* PasteBinListVC+Delegates.swift */ = {isa = PBXFileReference; lastKnownFileType = sourcecode.swift; path = "PasteBinListVC+Delegates.swift"; sourceTree = "<group>"; };
		07BA3A5321A2CDC000BCE1DE /* LoadingView.xib */ = {isa = PBXFileReference; fileEncoding = 4; lastKnownFileType = file.xib; path = LoadingView.xib; sourceTree = "<group>"; };
		07BA3A5421A2CDC000BCE1DE /* LoadingView.swift */ = {isa = PBXFileReference; fileEncoding = 4; lastKnownFileType = sourcecode.swift; path = LoadingView.swift; sourceTree = "<group>"; };
		07BA3A5921A2CDE600BCE1DE /* PostCell.swift */ = {isa = PBXFileReference; lastKnownFileType = sourcecode.swift; path = PostCell.swift; sourceTree = "<group>"; };
		07BA3A5B21A2CE1100BCE1DE /* UIView+Extension.swift */ = {isa = PBXFileReference; lastKnownFileType = sourcecode.swift; path = "UIView+Extension.swift"; sourceTree = "<group>"; };
		07CE146321A56D1F005FCC76 /* SourceCancellationVC.swift */ = {isa = PBXFileReference; lastKnownFileType = sourcecode.swift; path = SourceCancellationVC.swift; sourceTree = "<group>"; };
		07CE146621A57DF8005FCC76 /* CacheExpiryVC.swift */ = {isa = PBXFileReference; lastKnownFileType = sourcecode.swift; path = CacheExpiryVC.swift; sourceTree = "<group>"; };
		07CE146821A58089005FCC76 /* JSONCachingVC.swift */ = {isa = PBXFileReference; lastKnownFileType = sourcecode.swift; path = JSONCachingVC.swift; sourceTree = "<group>"; };
		07CE147021A5C9B3005FCC76 /* PostTests.swift */ = {isa = PBXFileReference; lastKnownFileType = sourcecode.swift; path = PostTests.swift; sourceTree = "<group>"; };
		07CE147221A5C9E1005FCC76 /* Post.json */ = {isa = PBXFileReference; fileEncoding = 4; lastKnownFileType = text.json; path = Post.json; sourceTree = "<group>"; };
		07CE147421A5CA5C005FCC76 /* User.json */ = {isa = PBXFileReference; fileEncoding = 4; lastKnownFileType = text.json; path = User.json; sourceTree = "<group>"; };
		07CE147621A5CABE005FCC76 /* UserTests.swift */ = {isa = PBXFileReference; lastKnownFileType = sourcecode.swift; path = UserTests.swift; sourceTree = "<group>"; };
		07CE147C21A5D378005FCC76 /* NetworkManagerTests.swift */ = {isa = PBXFileReference; fileEncoding = 4; lastKnownFileType = sourcecode.swift; path = NetworkManagerTests.swift; sourceTree = "<group>"; };
		07CE147E21A5D378005FCC76 /* Success.json */ = {isa = PBXFileReference; fileEncoding = 4; lastKnownFileType = text.json; path = Success.json; sourceTree = "<group>"; };
		07CE147F21A5D378005FCC76 /* URLSessionMock.swift */ = {isa = PBXFileReference; fileEncoding = 4; lastKnownFileType = sourcecode.swift; path = URLSessionMock.swift; sourceTree = "<group>"; };
		07CE148021A5D378005FCC76 /* URLSessionDataTaskMock.swift */ = {isa = PBXFileReference; fileEncoding = 4; lastKnownFileType = sourcecode.swift; path = URLSessionDataTaskMock.swift; sourceTree = "<group>"; };
		07CE148121A5D378005FCC76 /* URLManagerTests.swift */ = {isa = PBXFileReference; fileEncoding = 4; lastKnownFileType = sourcecode.swift; path = URLManagerTests.swift; sourceTree = "<group>"; };
		07CE148821A5D648005FCC76 /* PagingViewModelTests.swift */ = {isa = PBXFileReference; lastKnownFileType = sourcecode.swift; path = PagingViewModelTests.swift; sourceTree = "<group>"; };
		07CE14D721A6FE05005FCC76 /* PasteBinListVCSpec.swift */ = {isa = PBXFileReference; lastKnownFileType = sourcecode.swift; path = PasteBinListVCSpec.swift; sourceTree = "<group>"; };
		07CE14DA21A70F34005FCC76 /* FireCacheTests.swift */ = {isa = PBXFileReference; lastKnownFileType = sourcecode.swift; path = FireCacheTests.swift; sourceTree = "<group>"; };
		07CE14DC21A7121A005FCC76 /* test-sample-1.png */ = {isa = PBXFileReference; lastKnownFileType = image.png; path = "test-sample-1.png"; sourceTree = "<group>"; };
		07CE14DF21A7124C005FCC76 /* TestHelper.swift */ = {isa = PBXFileReference; lastKnownFileType = sourcecode.swift; path = TestHelper.swift; sourceTree = "<group>"; };
		07CE14E121A71BEC005FCC76 /* FireDownloaderTests.swift */ = {isa = PBXFileReference; lastKnownFileType = sourcecode.swift; path = FireDownloaderTests.swift; sourceTree = "<group>"; };
		07CE14E321A723D3005FCC76 /* test-sample-2.png */ = {isa = PBXFileReference; lastKnownFileType = image.png; path = "test-sample-2.png"; sourceTree = "<group>"; };
		07CE14E721A7250B005FCC76 /* test-sample-3.png */ = {isa = PBXFileReference; lastKnownFileType = image.png; path = "test-sample-3.png"; sourceTree = "<group>"; };
		07CE14EB21A72B09005FCC76 /* FireManagerTests.swift */ = {isa = PBXFileReference; lastKnownFileType = sourcecode.swift; path = FireManagerTests.swift; sourceTree = "<group>"; };
		07D1222921A805C700258781 /* FireCacheTests+UIImage.swift */ = {isa = PBXFileReference; lastKnownFileType = sourcecode.swift; path = "FireCacheTests+UIImage.swift"; sourceTree = "<group>"; };
		07D1222C21A805F100258781 /* FireCacheTests+JSON.swift */ = {isa = PBXFileReference; lastKnownFileType = sourcecode.swift; path = "FireCacheTests+JSON.swift"; sourceTree = "<group>"; };
		07D1222E21A805FA00258781 /* FireCacheTests+String.swift */ = {isa = PBXFileReference; lastKnownFileType = sourcecode.swift; path = "FireCacheTests+String.swift"; sourceTree = "<group>"; };
		07D1223221A8065D00258781 /* FireDownloaderTests+UIImage.swift */ = {isa = PBXFileReference; lastKnownFileType = sourcecode.swift; path = "FireDownloaderTests+UIImage.swift"; sourceTree = "<group>"; };
		07D1223421A8066900258781 /* FireDownloaderTests+String.swift */ = {isa = PBXFileReference; lastKnownFileType = sourcecode.swift; path = "FireDownloaderTests+String.swift"; sourceTree = "<group>"; };
		07D1223621A8067100258781 /* FireDownloaderTests+JSON.swift */ = {isa = PBXFileReference; lastKnownFileType = sourcecode.swift; path = "FireDownloaderTests+JSON.swift"; sourceTree = "<group>"; };
		07D1223821A808C100258781 /* FireManagerTests+UIImage.swift */ = {isa = PBXFileReference; lastKnownFileType = sourcecode.swift; path = "FireManagerTests+UIImage.swift"; sourceTree = "<group>"; };
		07D1223A21A808CA00258781 /* FireManagerTests+String.swift */ = {isa = PBXFileReference; lastKnownFileType = sourcecode.swift; path = "FireManagerTests+String.swift"; sourceTree = "<group>"; };
		07D1223C21A808D300258781 /* FireManagerTests+JSON.swift */ = {isa = PBXFileReference; lastKnownFileType = sourcecode.swift; path = "FireManagerTests+JSON.swift"; sourceTree = "<group>"; };
		14F6A7B9A3D59134797D86CD /* Pods_FireCache_Tests.framework */ = {isa = PBXFileReference; explicitFileType = wrapper.framework; includeInIndex = 0; path = Pods_FireCache_Tests.framework; sourceTree = BUILT_PRODUCTS_DIR; };
		18AAC7B27B519ED40B7ECC3B /* Pods_FireCache_Example.framework */ = {isa = PBXFileReference; explicitFileType = wrapper.framework; includeInIndex = 0; path = Pods_FireCache_Example.framework; sourceTree = BUILT_PRODUCTS_DIR; };
		2BD32EFF4CA0EFCBEBAD6BEE /* Pods-FireCache_Tests.release.xcconfig */ = {isa = PBXFileReference; includeInIndex = 1; lastKnownFileType = text.xcconfig; name = "Pods-FireCache_Tests.release.xcconfig"; path = "Pods/Target Support Files/Pods-FireCache_Tests/Pods-FireCache_Tests.release.xcconfig"; sourceTree = "<group>"; };
		480F42655AF94142C592B4BA /* Pods-FireCache_Example.debug.xcconfig */ = {isa = PBXFileReference; includeInIndex = 1; lastKnownFileType = text.xcconfig; name = "Pods-FireCache_Example.debug.xcconfig"; path = "Pods/Target Support Files/Pods-FireCache_Example/Pods-FireCache_Example.debug.xcconfig"; sourceTree = "<group>"; };
		607FACD01AFB9204008FA782 /* FireCache_Example.app */ = {isa = PBXFileReference; explicitFileType = wrapper.application; includeInIndex = 0; path = FireCache_Example.app; sourceTree = BUILT_PRODUCTS_DIR; };
		607FACD41AFB9204008FA782 /* Info.plist */ = {isa = PBXFileReference; lastKnownFileType = text.plist.xml; path = Info.plist; sourceTree = "<group>"; };
		607FACD51AFB9204008FA782 /* AppDelegate.swift */ = {isa = PBXFileReference; lastKnownFileType = sourcecode.swift; path = AppDelegate.swift; sourceTree = "<group>"; };
		607FACD71AFB9204008FA782 /* PasteBinListVC.swift */ = {isa = PBXFileReference; lastKnownFileType = sourcecode.swift; path = PasteBinListVC.swift; sourceTree = "<group>"; };
		607FACDA1AFB9204008FA782 /* Base */ = {isa = PBXFileReference; lastKnownFileType = file.storyboard; name = Base; path = Base.lproj/Main.storyboard; sourceTree = "<group>"; };
		607FACDC1AFB9204008FA782 /* Images.xcassets */ = {isa = PBXFileReference; lastKnownFileType = folder.assetcatalog; path = Images.xcassets; sourceTree = "<group>"; };
		607FACE51AFB9204008FA782 /* FireCache_Tests.xctest */ = {isa = PBXFileReference; explicitFileType = wrapper.cfbundle; includeInIndex = 0; path = FireCache_Tests.xctest; sourceTree = BUILT_PRODUCTS_DIR; };
		607FACEA1AFB9204008FA782 /* Info.plist */ = {isa = PBXFileReference; lastKnownFileType = text.plist.xml; path = Info.plist; sourceTree = "<group>"; };
		FAB8FFB9753F164F574843F7 /* Pods-FireCache_Example.release.xcconfig */ = {isa = PBXFileReference; includeInIndex = 1; lastKnownFileType = text.xcconfig; name = "Pods-FireCache_Example.release.xcconfig"; path = "Pods/Target Support Files/Pods-FireCache_Example/Pods-FireCache_Example.release.xcconfig"; sourceTree = "<group>"; };
/* End PBXFileReference section */

/* Begin PBXFrameworksBuildPhase section */
		607FACCD1AFB9204008FA782 /* Frameworks */ = {
			isa = PBXFrameworksBuildPhase;
			buildActionMask = 2147483647;
			files = (
				FBD87014ED265222A0677BE2 /* Pods_FireCache_Example.framework in Frameworks */,
			);
			runOnlyForDeploymentPostprocessing = 0;
		};
		607FACE21AFB9204008FA782 /* Frameworks */ = {
			isa = PBXFrameworksBuildPhase;
			buildActionMask = 2147483647;
			files = (
				784A1AB1EF235320BF09C57E /* Pods_FireCache_Tests.framework in Frameworks */,
			);
			runOnlyForDeploymentPostprocessing = 0;
		};
/* End PBXFrameworksBuildPhase section */

/* Begin PBXGroup section */
		07BA3A3B21A2BEF000BCE1DE /* Models */ = {
			isa = PBXGroup;
			children = (
				07BA3A2521A29A4600BCE1DE /* Post.swift */,
				07BA3A2721A29BEA00BCE1DE /* User.swift */,
			);
			path = Models;
			sourceTree = "<group>";
		};
		07BA3A3D21A2BF0C00BCE1DE /* Resources */ = {
			isa = PBXGroup;
			children = (
				607FACDC1AFB9204008FA782 /* Images.xcassets */,
				07BA3A12219F3E8400BCE1DE /* LaunchScreen.storyboard */,
			);
			path = Resources;
			sourceTree = "<group>";
		};
		07BA3A3E21A2BF3000BCE1DE /* Controller */ = {
			isa = PBXGroup;
			children = (
				607FACD71AFB9204008FA782 /* PasteBinListVC.swift */,
				07BA3A5121A2CB6500BCE1DE /* PasteBinListVC+Delegates.swift */,
				07CE146521A56D22005FCC76 /* Examples */,
			);
			path = Controller;
			sourceTree = "<group>";
		};
		07BA3A4321A2BFEF00BCE1DE /* Network */ = {
			isa = PBXGroup;
			children = (
				07BA3A4121A2BFCC00BCE1DE /* Endpoint.swift */,
				07BA3A4621A2C03000BCE1DE /* URLManager.swift */,
				07BA3A4421A2C01600BCE1DE /* NetworkManager.swift */,
			);
			path = Network;
			sourceTree = "<group>";
		};
		07BA3A4A21A2C37D00BCE1DE /* ViewModel */ = {
			isa = PBXGroup;
			children = (
				07BA3A4821A2C37700BCE1DE /* PagingViewModel.swift */,
			);
			path = ViewModel;
			sourceTree = "<group>";
		};
		07BA3A4F21A2C9DA00BCE1DE /* Extension */ = {
			isa = PBXGroup;
			children = (
				07BA3A4D21A2C9C800BCE1DE /* UIView+Constraint+Extension.swift */,
				07BA3A5B21A2CE1100BCE1DE /* UIView+Extension.swift */,
				07A280F821A3C4D000D5280D /* UIColor+Extension.swift */,
			);
			path = Extension;
			sourceTree = "<group>";
		};
		07BA3A5021A2C9E100BCE1DE /* UI */ = {
			isa = PBXGroup;
			children = (
				07BA3A4B21A2C8DD00BCE1DE /* ActivityIndicator.swift */,
			);
			path = UI;
			sourceTree = "<group>";
		};
		07BA3A5721A2CDC500BCE1DE /* LoadingView */ = {
			isa = PBXGroup;
			children = (
				07BA3A5421A2CDC000BCE1DE /* LoadingView.swift */,
				07BA3A5321A2CDC000BCE1DE /* LoadingView.xib */,
			);
			path = LoadingView;
			sourceTree = "<group>";
		};
		07BA3A5821A2CDCE00BCE1DE /* Views */ = {
			isa = PBXGroup;
			children = (
				07BA3A5921A2CDE600BCE1DE /* PostCell.swift */,
				07BA3A5721A2CDC500BCE1DE /* LoadingView */,
			);
			path = Views;
			sourceTree = "<group>";
		};
		07CE146521A56D22005FCC76 /* Examples */ = {
			isa = PBXGroup;
			children = (
				07CE146321A56D1F005FCC76 /* SourceCancellationVC.swift */,
				07CE146821A58089005FCC76 /* JSONCachingVC.swift */,
				07CE146621A57DF8005FCC76 /* CacheExpiryVC.swift */,
			);
			path = Examples;
			sourceTree = "<group>";
		};
		07CE146D21A5C979005FCC76 /* Models */ = {
			isa = PBXGroup;
			children = (
				07CE147221A5C9E1005FCC76 /* Post.json */,
				07CE147021A5C9B3005FCC76 /* PostTests.swift */,
				07CE147421A5CA5C005FCC76 /* User.json */,
				07CE147621A5CABE005FCC76 /* UserTests.swift */,
			);
			path = Models;
			sourceTree = "<group>";
		};
		07CE146F21A5C991005FCC76 /* Example App */ = {
			isa = PBXGroup;
			children = (
				07CE146D21A5C979005FCC76 /* Models */,
				07CE147B21A5D378005FCC76 /* Network */,
				07CE148721A5D5A9005FCC76 /* ViewModel */,
				07CE14D621A6FDCF005FCC76 /* Controller */,
			);
			path = "Example App";
			sourceTree = "<group>";
		};
		07CE147B21A5D378005FCC76 /* Network */ = {
			isa = PBXGroup;
			children = (
				07CE147D21A5D378005FCC76 /* Mock */,
				07CE147E21A5D378005FCC76 /* Success.json */,
				07CE147C21A5D378005FCC76 /* NetworkManagerTests.swift */,
				07CE148121A5D378005FCC76 /* URLManagerTests.swift */,
			);
			path = Network;
			sourceTree = "<group>";
		};
		07CE147D21A5D378005FCC76 /* Mock */ = {
			isa = PBXGroup;
			children = (
				07CE147F21A5D378005FCC76 /* URLSessionMock.swift */,
				07CE148021A5D378005FCC76 /* URLSessionDataTaskMock.swift */,
			);
			path = Mock;
			sourceTree = "<group>";
		};
		07CE148721A5D5A9005FCC76 /* ViewModel */ = {
			isa = PBXGroup;
			children = (
				07CE148821A5D648005FCC76 /* PagingViewModelTests.swift */,
			);
			path = ViewModel;
			sourceTree = "<group>";
		};
		07CE14D621A6FDCF005FCC76 /* Controller */ = {
			isa = PBXGroup;
			children = (
				07CE14D721A6FE05005FCC76 /* PasteBinListVCSpec.swift */,
			);
			path = Controller;
			sourceTree = "<group>";
		};
		07CE14D921A70F1E005FCC76 /* FireCache */ = {
			isa = PBXGroup;
			children = (
				07CE14DE21A7121D005FCC76 /* Images */,
				07CE14DF21A7124C005FCC76 /* TestHelper.swift */,
				07CE14DA21A70F34005FCC76 /* FireCacheTests.swift */,
				07D1222921A805C700258781 /* FireCacheTests+UIImage.swift */,
				07D1222E21A805FA00258781 /* FireCacheTests+String.swift */,
				07D1222C21A805F100258781 /* FireCacheTests+JSON.swift */,
				07CE14E121A71BEC005FCC76 /* FireDownloaderTests.swift */,
				07D1223221A8065D00258781 /* FireDownloaderTests+UIImage.swift */,
				07D1223421A8066900258781 /* FireDownloaderTests+String.swift */,
				07D1223621A8067100258781 /* FireDownloaderTests+JSON.swift */,
				07CE14EB21A72B09005FCC76 /* FireManagerTests.swift */,
				07D1223821A808C100258781 /* FireManagerTests+UIImage.swift */,
				07D1223A21A808CA00258781 /* FireManagerTests+String.swift */,
				07D1223C21A808D300258781 /* FireManagerTests+JSON.swift */,
			);
			path = FireCache;
			sourceTree = "<group>";
		};
		07CE14DE21A7121D005FCC76 /* Images */ = {
			isa = PBXGroup;
			children = (
				07CE14E721A7250B005FCC76 /* test-sample-3.png */,
				07CE14E321A723D3005FCC76 /* test-sample-2.png */,
				07CE14DC21A7121A005FCC76 /* test-sample-1.png */,
			);
			path = Images;
			sourceTree = "<group>";
		};
		0821D4978D879AC2A6221730 /* Frameworks */ = {
			isa = PBXGroup;
			children = (
				18AAC7B27B519ED40B7ECC3B /* Pods_FireCache_Example.framework */,
				14F6A7B9A3D59134797D86CD /* Pods_FireCache_Tests.framework */,
			);
			name = Frameworks;
			sourceTree = "<group>";
		};
		607FACC71AFB9204008FA782 = {
			isa = PBXGroup;
			children = (
				07BA3A14219F3F7600BCE1DE /* Challenge.pdf */,
				607FACD21AFB9204008FA782 /* Example for FireCache */,
				607FACE81AFB9204008FA782 /* Tests */,
				607FACD11AFB9204008FA782 /* Products */,
				D3091D34F99C8728E8B45D16 /* Pods */,
				0821D4978D879AC2A6221730 /* Frameworks */,
			);
			sourceTree = "<group>";
		};
		607FACD11AFB9204008FA782 /* Products */ = {
			isa = PBXGroup;
			children = (
				607FACD01AFB9204008FA782 /* FireCache_Example.app */,
				607FACE51AFB9204008FA782 /* FireCache_Tests.xctest */,
			);
			name = Products;
			sourceTree = "<group>";
		};
		607FACD21AFB9204008FA782 /* Example for FireCache */ = {
			isa = PBXGroup;
			children = (
				607FACD51AFB9204008FA782 /* AppDelegate.swift */,
				07BA3A3F21A2BF4800BCE1DE /* Configuration.swift */,
				607FACD91AFB9204008FA782 /* Main.storyboard */,
				07BA3A5021A2C9E100BCE1DE /* UI */,
				07BA3A4F21A2C9DA00BCE1DE /* Extension */,
				07BA3A4321A2BFEF00BCE1DE /* Network */,
				07BA3A3B21A2BEF000BCE1DE /* Models */,
				07BA3A5821A2CDCE00BCE1DE /* Views */,
				07BA3A3E21A2BF3000BCE1DE /* Controller */,
				07BA3A4A21A2C37D00BCE1DE /* ViewModel */,
				07BA3A3D21A2BF0C00BCE1DE /* Resources */,
				607FACD31AFB9204008FA782 /* Supporting Files */,
			);
			name = "Example for FireCache";
			path = FireCache;
			sourceTree = "<group>";
		};
		607FACD31AFB9204008FA782 /* Supporting Files */ = {
			isa = PBXGroup;
			children = (
				607FACD41AFB9204008FA782 /* Info.plist */,
			);
			name = "Supporting Files";
			sourceTree = "<group>";
		};
		607FACE81AFB9204008FA782 /* Tests */ = {
			isa = PBXGroup;
			children = (
				07CE146F21A5C991005FCC76 /* Example App */,
				07CE14D921A70F1E005FCC76 /* FireCache */,
				607FACE91AFB9204008FA782 /* Supporting Files */,
			);
			path = Tests;
			sourceTree = "<group>";
		};
		607FACE91AFB9204008FA782 /* Supporting Files */ = {
			isa = PBXGroup;
			children = (
				607FACEA1AFB9204008FA782 /* Info.plist */,
			);
			name = "Supporting Files";
			sourceTree = "<group>";
		};
		D3091D34F99C8728E8B45D16 /* Pods */ = {
			isa = PBXGroup;
			children = (
				480F42655AF94142C592B4BA /* Pods-FireCache_Example.debug.xcconfig */,
				FAB8FFB9753F164F574843F7 /* Pods-FireCache_Example.release.xcconfig */,
				01153414F993A818E3269FFC /* Pods-FireCache_Tests.debug.xcconfig */,
				2BD32EFF4CA0EFCBEBAD6BEE /* Pods-FireCache_Tests.release.xcconfig */,
			);
			name = Pods;
			sourceTree = "<group>";
		};
/* End PBXGroup section */

/* Begin PBXNativeTarget section */
		607FACCF1AFB9204008FA782 /* FireCache_Example */ = {
			isa = PBXNativeTarget;
			buildConfigurationList = 607FACEF1AFB9204008FA782 /* Build configuration list for PBXNativeTarget "FireCache_Example" */;
			buildPhases = (
				D07B5E6BC3054BCF55338703 /* [CP] Check Pods Manifest.lock */,
				607FACCC1AFB9204008FA782 /* Sources */,
				607FACCD1AFB9204008FA782 /* Frameworks */,
				607FACCE1AFB9204008FA782 /* Resources */,
				8CEF44FD73E4E7320740AD6C /* [CP] Embed Pods Frameworks */,
			);
			buildRules = (
			);
			dependencies = (
			);
			name = FireCache_Example;
			productName = FireCache;
			productReference = 607FACD01AFB9204008FA782 /* FireCache_Example.app */;
			productType = "com.apple.product-type.application";
		};
		607FACE41AFB9204008FA782 /* FireCache_Tests */ = {
			isa = PBXNativeTarget;
			buildConfigurationList = 607FACF21AFB9204008FA782 /* Build configuration list for PBXNativeTarget "FireCache_Tests" */;
			buildPhases = (
				737E740690E7284E26D7F8E1 /* [CP] Check Pods Manifest.lock */,
				607FACE11AFB9204008FA782 /* Sources */,
				607FACE21AFB9204008FA782 /* Frameworks */,
				607FACE31AFB9204008FA782 /* Resources */,
				2E9A59F777952143C9D5690C /* [CP] Embed Pods Frameworks */,
			);
			buildRules = (
			);
			dependencies = (
				607FACE71AFB9204008FA782 /* PBXTargetDependency */,
			);
			name = FireCache_Tests;
			productName = Tests;
			productReference = 607FACE51AFB9204008FA782 /* FireCache_Tests.xctest */;
			productType = "com.apple.product-type.bundle.unit-test";
		};
/* End PBXNativeTarget section */

/* Begin PBXProject section */
		607FACC81AFB9204008FA782 /* Project object */ = {
			isa = PBXProject;
			attributes = {
				LastSwiftUpdateCheck = 0830;
				LastUpgradeCheck = 1130;
				ORGANIZATIONNAME = itsji10dra.com;
				TargetAttributes = {
					607FACCF1AFB9204008FA782 = {
						CreatedOnToolsVersion = 6.3.1;
						DevelopmentTeam = NLP39UWW3M;
						LastSwiftMigration = 1130;
					};
					607FACE41AFB9204008FA782 = {
						CreatedOnToolsVersion = 6.3.1;
						DevelopmentTeam = NLP39UWW3M;
						LastSwiftMigration = 1130;
						TestTargetID = 607FACCF1AFB9204008FA782;
					};
				};
			};
			buildConfigurationList = 607FACCB1AFB9204008FA782 /* Build configuration list for PBXProject "FireCache" */;
			compatibilityVersion = "Xcode 3.2";
			developmentRegion = English;
			hasScannedForEncodings = 0;
			knownRegions = (
				English,
				en,
				Base,
			);
			mainGroup = 607FACC71AFB9204008FA782;
			productRefGroup = 607FACD11AFB9204008FA782 /* Products */;
			projectDirPath = "";
			projectRoot = "";
			targets = (
				607FACCF1AFB9204008FA782 /* FireCache_Example */,
				607FACE41AFB9204008FA782 /* FireCache_Tests */,
			);
		};
/* End PBXProject section */

/* Begin PBXResourcesBuildPhase section */
		607FACCE1AFB9204008FA782 /* Resources */ = {
			isa = PBXResourcesBuildPhase;
			buildActionMask = 2147483647;
			files = (
				607FACDB1AFB9204008FA782 /* Main.storyboard in Resources */,
				07BA3A5521A2CDC000BCE1DE /* LoadingView.xib in Resources */,
				07BA3A13219F3E8400BCE1DE /* LaunchScreen.storyboard in Resources */,
				607FACDD1AFB9204008FA782 /* Images.xcassets in Resources */,
			);
			runOnlyForDeploymentPostprocessing = 0;
		};
		607FACE31AFB9204008FA782 /* Resources */ = {
			isa = PBXResourcesBuildPhase;
			buildActionMask = 2147483647;
			files = (
				07CE14E421A723D3005FCC76 /* test-sample-2.png in Resources */,
				07CE147521A5CA5C005FCC76 /* User.json in Resources */,
				07CE14DD21A7121A005FCC76 /* test-sample-1.png in Resources */,
				07CE14E821A7250B005FCC76 /* test-sample-3.png in Resources */,
				07CE148321A5D379005FCC76 /* Success.json in Resources */,
				07CE147321A5C9E1005FCC76 /* Post.json in Resources */,
			);
			runOnlyForDeploymentPostprocessing = 0;
		};
/* End PBXResourcesBuildPhase section */

/* Begin PBXShellScriptBuildPhase section */
		2E9A59F777952143C9D5690C /* [CP] Embed Pods Frameworks */ = {
			isa = PBXShellScriptBuildPhase;
			buildActionMask = 2147483647;
			files = (
			);
			inputPaths = (
				"${PODS_ROOT}/Target Support Files/Pods-FireCache_Tests/Pods-FireCache_Tests-frameworks.sh",
				"${BUILT_PRODUCTS_DIR}/Nimble/Nimble.framework",
				"${BUILT_PRODUCTS_DIR}/Quick/Quick.framework",
			);
			name = "[CP] Embed Pods Frameworks";
			outputPaths = (
				"${TARGET_BUILD_DIR}/${FRAMEWORKS_FOLDER_PATH}/Nimble.framework",
				"${TARGET_BUILD_DIR}/${FRAMEWORKS_FOLDER_PATH}/Quick.framework",
			);
			runOnlyForDeploymentPostprocessing = 0;
			shellPath = /bin/sh;
			shellScript = "\"${PODS_ROOT}/Target Support Files/Pods-FireCache_Tests/Pods-FireCache_Tests-frameworks.sh\"\n";
			showEnvVarsInLog = 0;
		};
		737E740690E7284E26D7F8E1 /* [CP] Check Pods Manifest.lock */ = {
			isa = PBXShellScriptBuildPhase;
			buildActionMask = 2147483647;
			files = (
			);
			inputFileListPaths = (
			);
			inputPaths = (
				"${PODS_PODFILE_DIR_PATH}/Podfile.lock",
				"${PODS_ROOT}/Manifest.lock",
			);
			name = "[CP] Check Pods Manifest.lock";
			outputFileListPaths = (
			);
			outputPaths = (
				"$(DERIVED_FILE_DIR)/Pods-FireCache_Tests-checkManifestLockResult.txt",
			);
			runOnlyForDeploymentPostprocessing = 0;
			shellPath = /bin/sh;
			shellScript = "diff \"${PODS_PODFILE_DIR_PATH}/Podfile.lock\" \"${PODS_ROOT}/Manifest.lock\" > /dev/null\nif [ $? != 0 ] ; then\n    # print error to STDERR\n    echo \"error: The sandbox is not in sync with the Podfile.lock. Run 'pod install' or update your CocoaPods installation.\" >&2\n    exit 1\nfi\n# This output is used by Xcode 'outputs' to avoid re-running this script phase.\necho \"SUCCESS\" > \"${SCRIPT_OUTPUT_FILE_0}\"\n";
			showEnvVarsInLog = 0;
		};
		8CEF44FD73E4E7320740AD6C /* [CP] Embed Pods Frameworks */ = {
			isa = PBXShellScriptBuildPhase;
			buildActionMask = 2147483647;
			files = (
			);
			inputPaths = (
				"${PODS_ROOT}/Target Support Files/Pods-FireCache_Example/Pods-FireCache_Example-frameworks.sh",
				"${BUILT_PRODUCTS_DIR}/FireCache/FireCache.framework",
			);
			name = "[CP] Embed Pods Frameworks";
			outputPaths = (
				"${TARGET_BUILD_DIR}/${FRAMEWORKS_FOLDER_PATH}/FireCache.framework",
			);
			runOnlyForDeploymentPostprocessing = 0;
			shellPath = /bin/sh;
			shellScript = "\"${PODS_ROOT}/Target Support Files/Pods-FireCache_Example/Pods-FireCache_Example-frameworks.sh\"\n";
			showEnvVarsInLog = 0;
		};
		D07B5E6BC3054BCF55338703 /* [CP] Check Pods Manifest.lock */ = {
			isa = PBXShellScriptBuildPhase;
			buildActionMask = 2147483647;
			files = (
			);
			inputFileListPaths = (
			);
			inputPaths = (
				"${PODS_PODFILE_DIR_PATH}/Podfile.lock",
				"${PODS_ROOT}/Manifest.lock",
			);
			name = "[CP] Check Pods Manifest.lock";
			outputFileListPaths = (
			);
			outputPaths = (
				"$(DERIVED_FILE_DIR)/Pods-FireCache_Example-checkManifestLockResult.txt",
			);
			runOnlyForDeploymentPostprocessing = 0;
			shellPath = /bin/sh;
			shellScript = "diff \"${PODS_PODFILE_DIR_PATH}/Podfile.lock\" \"${PODS_ROOT}/Manifest.lock\" > /dev/null\nif [ $? != 0 ] ; then\n    # print error to STDERR\n    echo \"error: The sandbox is not in sync with the Podfile.lock. Run 'pod install' or update your CocoaPods installation.\" >&2\n    exit 1\nfi\n# This output is used by Xcode 'outputs' to avoid re-running this script phase.\necho \"SUCCESS\" > \"${SCRIPT_OUTPUT_FILE_0}\"\n";
			showEnvVarsInLog = 0;
		};
/* End PBXShellScriptBuildPhase section */

/* Begin PBXSourcesBuildPhase section */
		607FACCC1AFB9204008FA782 /* Sources */ = {
			isa = PBXSourcesBuildPhase;
			buildActionMask = 2147483647;
			files = (
				07BA3A2821A29BEA00BCE1DE /* User.swift in Sources */,
				07BA3A5221A2CB6500BCE1DE /* PasteBinListVC+Delegates.swift in Sources */,
				07BA3A4721A2C03000BCE1DE /* URLManager.swift in Sources */,
				07BA3A5C21A2CE1100BCE1DE /* UIView+Extension.swift in Sources */,
				07BA3A4021A2BF4800BCE1DE /* Configuration.swift in Sources */,
				07CE146921A58089005FCC76 /* JSONCachingVC.swift in Sources */,
				07BA3A2621A29A4600BCE1DE /* Post.swift in Sources */,
				07BA3A5A21A2CDE600BCE1DE /* PostCell.swift in Sources */,
				07A280F921A3C4D000D5280D /* UIColor+Extension.swift in Sources */,
				07CE146721A57DF8005FCC76 /* CacheExpiryVC.swift in Sources */,
				07BA3A4E21A2C9C800BCE1DE /* UIView+Constraint+Extension.swift in Sources */,
				07CE146421A56D1F005FCC76 /* SourceCancellationVC.swift in Sources */,
				07BA3A4521A2C01600BCE1DE /* NetworkManager.swift in Sources */,
				607FACD81AFB9204008FA782 /* PasteBinListVC.swift in Sources */,
				07BA3A4C21A2C8DD00BCE1DE /* ActivityIndicator.swift in Sources */,
				07BA3A4221A2BFCC00BCE1DE /* Endpoint.swift in Sources */,
				607FACD61AFB9204008FA782 /* AppDelegate.swift in Sources */,
				07BA3A5621A2CDC000BCE1DE /* LoadingView.swift in Sources */,
				07BA3A4921A2C37700BCE1DE /* PagingViewModel.swift in Sources */,
			);
			runOnlyForDeploymentPostprocessing = 0;
		};
		607FACE11AFB9204008FA782 /* Sources */ = {
			isa = PBXSourcesBuildPhase;
			buildActionMask = 2147483647;
			files = (
				07D1223521A8066900258781 /* FireDownloaderTests+String.swift in Sources */,
				07D1223321A8065D00258781 /* FireDownloaderTests+UIImage.swift in Sources */,
				07D1223B21A808CA00258781 /* FireManagerTests+String.swift in Sources */,
				07CE14D821A6FE05005FCC76 /* PasteBinListVCSpec.swift in Sources */,
				07CE14E021A7124C005FCC76 /* TestHelper.swift in Sources */,
				07CE148421A5D379005FCC76 /* URLSessionMock.swift in Sources */,
				07CE148621A5D379005FCC76 /* URLManagerTests.swift in Sources */,
				07CE14E221A71BEC005FCC76 /* FireDownloaderTests.swift in Sources */,
				07D1223021A8060900258781 /* FireCacheTests+String.swift in Sources */,
				07CE14EC21A72B09005FCC76 /* FireManagerTests.swift in Sources */,
				07CE14DB21A70F34005FCC76 /* FireCacheTests.swift in Sources */,
				07D1223121A8061C00258781 /* FireCacheTests+JSON.swift in Sources */,
				07CE148921A5D648005FCC76 /* PagingViewModelTests.swift in Sources */,
				07CE148221A5D379005FCC76 /* NetworkManagerTests.swift in Sources */,
				07CE147A21A5D33B005FCC76 /* UserTests.swift in Sources */,
				07D1223D21A808D300258781 /* FireManagerTests+JSON.swift in Sources */,
				07D1223721A8067100258781 /* FireDownloaderTests+JSON.swift in Sources */,
				07D1222B21A805E100258781 /* FireCacheTests+UIImage.swift in Sources */,
				07CE147921A5D124005FCC76 /* PostTests.swift in Sources */,
				07CE148521A5D379005FCC76 /* URLSessionDataTaskMock.swift in Sources */,
				07D1223921A808C100258781 /* FireManagerTests+UIImage.swift in Sources */,
			);
			runOnlyForDeploymentPostprocessing = 0;
		};
/* End PBXSourcesBuildPhase section */

/* Begin PBXTargetDependency section */
		607FACE71AFB9204008FA782 /* PBXTargetDependency */ = {
			isa = PBXTargetDependency;
			target = 607FACCF1AFB9204008FA782 /* FireCache_Example */;
			targetProxy = 607FACE61AFB9204008FA782 /* PBXContainerItemProxy */;
		};
/* End PBXTargetDependency section */

/* Begin PBXVariantGroup section */
		607FACD91AFB9204008FA782 /* Main.storyboard */ = {
			isa = PBXVariantGroup;
			children = (
				607FACDA1AFB9204008FA782 /* Base */,
			);
			name = Main.storyboard;
			sourceTree = "<group>";
		};
/* End PBXVariantGroup section */

/* Begin XCBuildConfiguration section */
		607FACED1AFB9204008FA782 /* Debug */ = {
			isa = XCBuildConfiguration;
			buildSettings = {
				ALWAYS_SEARCH_USER_PATHS = NO;
				CLANG_ANALYZER_LOCALIZABILITY_NONLOCALIZED = YES;
				CLANG_CXX_LANGUAGE_STANDARD = "gnu++0x";
				CLANG_CXX_LIBRARY = "libc++";
				CLANG_ENABLE_MODULES = YES;
				CLANG_ENABLE_OBJC_ARC = YES;
				CLANG_WARN_BLOCK_CAPTURE_AUTORELEASING = YES;
				CLANG_WARN_BOOL_CONVERSION = YES;
				CLANG_WARN_COMMA = YES;
				CLANG_WARN_CONSTANT_CONVERSION = YES;
				CLANG_WARN_DEPRECATED_OBJC_IMPLEMENTATIONS = YES;
				CLANG_WARN_DIRECT_OBJC_ISA_USAGE = YES_ERROR;
				CLANG_WARN_EMPTY_BODY = YES;
				CLANG_WARN_ENUM_CONVERSION = YES;
				CLANG_WARN_INFINITE_RECURSION = YES;
				CLANG_WARN_INT_CONVERSION = YES;
				CLANG_WARN_NON_LITERAL_NULL_CONVERSION = YES;
				CLANG_WARN_OBJC_IMPLICIT_RETAIN_SELF = YES;
				CLANG_WARN_OBJC_LITERAL_CONVERSION = YES;
				CLANG_WARN_OBJC_ROOT_CLASS = YES_ERROR;
				CLANG_WARN_RANGE_LOOP_ANALYSIS = YES;
				CLANG_WARN_STRICT_PROTOTYPES = YES;
				CLANG_WARN_SUSPICIOUS_MOVE = YES;
				CLANG_WARN_UNREACHABLE_CODE = YES;
				CLANG_WARN__DUPLICATE_METHOD_MATCH = YES;
				"CODE_SIGN_IDENTITY[sdk=iphoneos*]" = "iPhone Developer";
				COPY_PHASE_STRIP = NO;
				DEBUG_INFORMATION_FORMAT = "dwarf-with-dsym";
				ENABLE_STRICT_OBJC_MSGSEND = YES;
				ENABLE_TESTABILITY = YES;
				GCC_C_LANGUAGE_STANDARD = gnu99;
				GCC_DYNAMIC_NO_PIC = NO;
				GCC_NO_COMMON_BLOCKS = YES;
				GCC_OPTIMIZATION_LEVEL = 0;
				GCC_PREPROCESSOR_DEFINITIONS = (
					"DEBUG=1",
					"$(inherited)",
				);
				GCC_SYMBOLS_PRIVATE_EXTERN = NO;
				GCC_WARN_64_TO_32_BIT_CONVERSION = YES;
				GCC_WARN_ABOUT_RETURN_TYPE = YES_ERROR;
				GCC_WARN_UNDECLARED_SELECTOR = YES;
				GCC_WARN_UNINITIALIZED_AUTOS = YES_AGGRESSIVE;
				GCC_WARN_UNUSED_FUNCTION = YES;
				GCC_WARN_UNUSED_VARIABLE = YES;
				IPHONEOS_DEPLOYMENT_TARGET = 10.0;
				MTL_ENABLE_DEBUG_INFO = YES;
				ONLY_ACTIVE_ARCH = YES;
				SDKROOT = iphoneos;
				SWIFT_OPTIMIZATION_LEVEL = "-Onone";
				SWIFT_VERSION = 4.2;
			};
			name = Debug;
		};
		607FACEE1AFB9204008FA782 /* Release */ = {
			isa = XCBuildConfiguration;
			buildSettings = {
				ALWAYS_SEARCH_USER_PATHS = NO;
				CLANG_ANALYZER_LOCALIZABILITY_NONLOCALIZED = YES;
				CLANG_CXX_LANGUAGE_STANDARD = "gnu++0x";
				CLANG_CXX_LIBRARY = "libc++";
				CLANG_ENABLE_MODULES = YES;
				CLANG_ENABLE_OBJC_ARC = YES;
				CLANG_WARN_BLOCK_CAPTURE_AUTORELEASING = YES;
				CLANG_WARN_BOOL_CONVERSION = YES;
				CLANG_WARN_COMMA = YES;
				CLANG_WARN_CONSTANT_CONVERSION = YES;
				CLANG_WARN_DEPRECATED_OBJC_IMPLEMENTATIONS = YES;
				CLANG_WARN_DIRECT_OBJC_ISA_USAGE = YES_ERROR;
				CLANG_WARN_EMPTY_BODY = YES;
				CLANG_WARN_ENUM_CONVERSION = YES;
				CLANG_WARN_INFINITE_RECURSION = YES;
				CLANG_WARN_INT_CONVERSION = YES;
				CLANG_WARN_NON_LITERAL_NULL_CONVERSION = YES;
				CLANG_WARN_OBJC_IMPLICIT_RETAIN_SELF = YES;
				CLANG_WARN_OBJC_LITERAL_CONVERSION = YES;
				CLANG_WARN_OBJC_ROOT_CLASS = YES_ERROR;
				CLANG_WARN_RANGE_LOOP_ANALYSIS = YES;
				CLANG_WARN_STRICT_PROTOTYPES = YES;
				CLANG_WARN_SUSPICIOUS_MOVE = YES;
				CLANG_WARN_UNREACHABLE_CODE = YES;
				CLANG_WARN__DUPLICATE_METHOD_MATCH = YES;
				"CODE_SIGN_IDENTITY[sdk=iphoneos*]" = "iPhone Developer";
				COPY_PHASE_STRIP = NO;
				DEBUG_INFORMATION_FORMAT = "dwarf-with-dsym";
				ENABLE_NS_ASSERTIONS = NO;
				ENABLE_STRICT_OBJC_MSGSEND = YES;
				GCC_C_LANGUAGE_STANDARD = gnu99;
				GCC_NO_COMMON_BLOCKS = YES;
				GCC_WARN_64_TO_32_BIT_CONVERSION = YES;
				GCC_WARN_ABOUT_RETURN_TYPE = YES_ERROR;
				GCC_WARN_UNDECLARED_SELECTOR = YES;
				GCC_WARN_UNINITIALIZED_AUTOS = YES_AGGRESSIVE;
				GCC_WARN_UNUSED_FUNCTION = YES;
				GCC_WARN_UNUSED_VARIABLE = YES;
				IPHONEOS_DEPLOYMENT_TARGET = 10.0;
				MTL_ENABLE_DEBUG_INFO = NO;
				SDKROOT = iphoneos;
				SWIFT_OPTIMIZATION_LEVEL = "-Owholemodule";
				SWIFT_VERSION = 4.2;
				VALIDATE_PRODUCT = YES;
			};
			name = Release;
		};
		607FACF01AFB9204008FA782 /* Debug */ = {
			isa = XCBuildConfiguration;
			baseConfigurationReference = 480F42655AF94142C592B4BA /* Pods-FireCache_Example.debug.xcconfig */;
			buildSettings = {
				ASSETCATALOG_COMPILER_APPICON_NAME = AppIcon;
				DEVELOPMENT_TEAM = NLP39UWW3M;
				INFOPLIST_FILE = FireCache/Info.plist;
				IPHONEOS_DEPLOYMENT_TARGET = 10.0;
				LD_RUNPATH_SEARCH_PATHS = "$(inherited) @executable_path/Frameworks";
				MODULE_NAME = ExampleApp;
				PRODUCT_BUNDLE_IDENTIFIER = com.itsji10dra.FireCache;
				PRODUCT_NAME = "$(TARGET_NAME)";
				SWIFT_ACTIVE_COMPILATION_CONDITIONS = DEBUG;
				SWIFT_VERSION = 5.0;
				TARGETED_DEVICE_FAMILY = "1,2";
			};
			name = Debug;
		};
		607FACF11AFB9204008FA782 /* Release */ = {
			isa = XCBuildConfiguration;
			baseConfigurationReference = FAB8FFB9753F164F574843F7 /* Pods-FireCache_Example.release.xcconfig */;
			buildSettings = {
				ASSETCATALOG_COMPILER_APPICON_NAME = AppIcon;
				DEVELOPMENT_TEAM = NLP39UWW3M;
				INFOPLIST_FILE = FireCache/Info.plist;
				IPHONEOS_DEPLOYMENT_TARGET = 10.0;
				LD_RUNPATH_SEARCH_PATHS = "$(inherited) @executable_path/Frameworks";
				MODULE_NAME = ExampleApp;
				PRODUCT_BUNDLE_IDENTIFIER = com.itsji10dra.FireCache;
				PRODUCT_NAME = "$(TARGET_NAME)";
				SWIFT_VERSION = 5.0;
				TARGETED_DEVICE_FAMILY = "1,2";
			};
			name = Release;
		};
		607FACF31AFB9204008FA782 /* Debug */ = {
			isa = XCBuildConfiguration;
			baseConfigurationReference = 01153414F993A818E3269FFC /* Pods-FireCache_Tests.debug.xcconfig */;
			buildSettings = {
				BUNDLE_LOADER = "$(TEST_HOST)";
				DEVELOPMENT_TEAM = NLP39UWW3M;
				FRAMEWORK_SEARCH_PATHS = "$(inherited)";
				GCC_PREPROCESSOR_DEFINITIONS = (
					"DEBUG=1",
					"$(inherited)",
				);
				INFOPLIST_FILE = Tests/Info.plist;
				LD_RUNPATH_SEARCH_PATHS = "$(inherited) @executable_path/Frameworks @loader_path/Frameworks";
				PRODUCT_BUNDLE_IDENTIFIER = "org.cocoapods.$(PRODUCT_NAME:rfc1034identifier)";
				PRODUCT_NAME = "$(TARGET_NAME)";
				SWIFT_VERSION = 5.0;
				TEST_HOST = "$(BUILT_PRODUCTS_DIR)/FireCache_Example.app/FireCache_Example";
			};
			name = Debug;
		};
		607FACF41AFB9204008FA782 /* Release */ = {
			isa = XCBuildConfiguration;
			baseConfigurationReference = 2BD32EFF4CA0EFCBEBAD6BEE /* Pods-FireCache_Tests.release.xcconfig */;
			buildSettings = {
				BUNDLE_LOADER = "$(TEST_HOST)";
				DEVELOPMENT_TEAM = NLP39UWW3M;
				FRAMEWORK_SEARCH_PATHS = "$(inherited)";
				INFOPLIST_FILE = Tests/Info.plist;
				LD_RUNPATH_SEARCH_PATHS = "$(inherited) @executable_path/Frameworks @loader_path/Frameworks";
				PRODUCT_BUNDLE_IDENTIFIER = "org.cocoapods.$(PRODUCT_NAME:rfc1034identifier)";
				PRODUCT_NAME = "$(TARGET_NAME)";
				SWIFT_VERSION = 5.0;
				TEST_HOST = "$(BUILT_PRODUCTS_DIR)/FireCache_Example.app/FireCache_Example";
			};
			name = Release;
		};
/* End XCBuildConfiguration section */

/* Begin XCConfigurationList section */
		607FACCB1AFB9204008FA782 /* Build configuration list for PBXProject "FireCache" */ = {
			isa = XCConfigurationList;
			buildConfigurations = (
				607FACED1AFB9204008FA782 /* Debug */,
				607FACEE1AFB9204008FA782 /* Release */,
			);
			defaultConfigurationIsVisible = 0;
			defaultConfigurationName = Release;
		};
		607FACEF1AFB9204008FA782 /* Build configuration list for PBXNativeTarget "FireCache_Example" */ = {
			isa = XCConfigurationList;
			buildConfigurations = (
				607FACF01AFB9204008FA782 /* Debug */,
				607FACF11AFB9204008FA782 /* Release */,
			);
			defaultConfigurationIsVisible = 0;
			defaultConfigurationName = Release;
		};
		607FACF21AFB9204008FA782 /* Build configuration list for PBXNativeTarget "FireCache_Tests" */ = {
			isa = XCConfigurationList;
			buildConfigurations = (
				607FACF31AFB9204008FA782 /* Debug */,
				607FACF41AFB9204008FA782 /* Release */,
			);
			defaultConfigurationIsVisible = 0;
			defaultConfigurationName = Release;
		};
/* End XCConfigurationList section */
	};
	rootObject = 607FACC81AFB9204008FA782 /* Project object */;
}
